{
    "_meta": {
        "hash": {
            "sha256": "f631551096db899afac6b5960dd0e434797efd70824bf434cfc48cae610dfce3"
        },
        "pipfile-spec": 6,
        "requires": {
            "python_version": "3."
        },
        "sources": [
            {
                "name": "pypi",
                "url": "https://pypi.org/simple",
                "verify_ssl": true
            }
        ]
    },
    "default": {},
    "develop": {}
}
