{
    "_meta": {
        "hash": {
<<<<<<< HEAD
            "sha256": "f631551096db899afac6b5960dd0e434797efd70824bf434cfc48cae610dfce3"
        },
        "pipfile-spec": 6,
        "requires": {
            "python_version": "3."
=======
            "sha256": "7f7606f08e0544d8d012ef4d097dabdd6df6843a28793eb6551245d4b2db4242"
        },
        "pipfile-spec": 6,
        "requires": {
            "python_version": "3.8"
>>>>>>> main
        },
        "sources": [
            {
                "name": "pypi",
                "url": "https://pypi.org/simple",
                "verify_ssl": true
            }
        ]
    },
<<<<<<< HEAD
    "default": {
        "colorama": {
            "hashes": [
                "sha256:08695f5cb7ed6e0531a20572697297273c47b8cae5a63ffc6d6ed5c201be6e44",
                "sha256:4f1d9991f5acc0ca119f9d443620b77f9d6b33703e51011c16baf57afb285fc6"
            ],
            "index": "pypi",
            "markers": "python_version >= '2.7' and python_version not in '3.0, 3.1, 3.2, 3.3, 3.4, 3.5, 3.6'",
            "version": "==0.4.6"
        }
    },
=======
    "default": {},
>>>>>>> main
    "develop": {}
}
